
Microsoft Visual Studio Solution File, Format Version 15.00
# Visual Studio 15
VisualStudioVersion = 15.0.26228.4
MinimumVisualStudioVersion = 10.0.40219.1
Project("{FAE04EC0-301F-11D3-BF4B-00C04F79EFBC}") = "Idealistz.Api", "Idealistz.Api\Idealistz.Api.csproj", "{C33BB621-0D2B-49B0-8DB8-1524723C4D52}"
EndProject
Project("{FAE04EC0-301F-11D3-BF4B-00C04F79EFBC}") = "Idealistz.Api.Tests", "Idealistz.Api.Tests\Idealistz.Api.Tests.csproj", "{BB51B7DC-3CEC-4389-ABDB-165DD8550037}"
EndProject
Global
	GlobalSection(SolutionConfigurationPlatforms) = preSolution
		Debug|Any CPU = Debug|Any CPU
		Release|Any CPU = Release|Any CPU
	EndGlobalSection
	GlobalSection(ProjectConfigurationPlatforms) = postSolution
		{C33BB621-0D2B-49B0-8DB8-1524723C4D52}.Debug|Any CPU.ActiveCfg = Debug|Any CPU
		{C33BB621-0D2B-49B0-8DB8-1524723C4D52}.Debug|Any CPU.Build.0 = Debug|Any CPU
		{C33BB621-0D2B-49B0-8DB8-1524723C4D52}.Release|Any CPU.ActiveCfg = Release|Any CPU
		{C33BB621-0D2B-49B0-8DB8-1524723C4D52}.Release|Any CPU.Build.0 = Release|Any CPU
		{BB51B7DC-3CEC-4389-ABDB-165DD8550037}.Debug|Any CPU.ActiveCfg = Debug|Any CPU
		{BB51B7DC-3CEC-4389-ABDB-165DD8550037}.Debug|Any CPU.Build.0 = Debug|Any CPU
		{BB51B7DC-3CEC-4389-ABDB-165DD8550037}.Release|Any CPU.ActiveCfg = Release|Any CPU
		{BB51B7DC-3CEC-4389-ABDB-165DD8550037}.Release|Any CPU.Build.0 = Release|Any CPU
	EndGlobalSection
	GlobalSection(SolutionProperties) = preSolution
		HideSolutionNode = FALSE
	EndGlobalSection
EndGlobal
